
Microsoft Visual Studio Solution File, Format Version 12.00
# Visual Studio Version 17
VisualStudioVersion = 17.0.31612.314
MinimumVisualStudioVersion = 10.0.40219.1
Project("{E53339B2-1760-4266-BCC7-CA923CBCF16C}") = "docker-compose", "docker-compose.dcproj", "{940D008A-A1B6-48EE-90FD-C6D1DD01BEA3}"
EndProject
Project("{2150E333-8FDC-42A3-9474-1A3956D46DE8}") = "src", "src", "{B845A154-5BAB-47B2-8EF5-9ED65780AB67}"
EndProject
Project("{2150E333-8FDC-42A3-9474-1A3956D46DE8}") = "Services", "Services", "{C05AFB73-8369-490F-A8EF-9FC548A8787F}"
EndProject
Project("{2150E333-8FDC-42A3-9474-1A3956D46DE8}") = "Content", "Content", "{A2F94820-9E89-4F03-B603-07C6A461C6E2}"
EndProject
Project("{9A19103F-16F7-4668-BE54-9A1E7A4F7556}") = "Verdure.Content.Api", "src\Services\Content\Verdure.Content.Api\Verdure.Content.Api.csproj", "{BCDB087E-3008-400C-BDE8-DBF5FE7E5001}"
EndProject
Project("{9A19103F-16F7-4668-BE54-9A1E7A4F7556}") = "Verdure.Core", "src\Services\Content\Verdure.Core\Verdure.Core.csproj", "{4BF7F205-8B7F-4774-A0EC-F93004AA7606}"
EndProject
Project("{9A19103F-16F7-4668-BE54-9A1E7A4F7556}") = "Verdure.Data.Mongo", "src\Services\Content\Verdure.Data.Mongo\Verdure.Data.Mongo.csproj", "{20D05203-46D4-4579-A5A5-30E0507EA609}"
EndProject
Project("{9A19103F-16F7-4668-BE54-9A1E7A4F7556}") = "Verdure.Infrastructure", "src\Services\Content\Verdure.Infrastructure\Verdure.Infrastructure.csproj", "{8E558026-E91E-4A6F-9F06-3FC9A4DAF013}"
EndProject
Project("{2150E333-8FDC-42A3-9474-1A3956D46DE8}") = "UI", "UI", "{88A883EF-2222-44CE-94E2-4FC12D15C406}"
EndProject
Project("{9A19103F-16F7-4668-BE54-9A1E7A4F7556}") = "Verdure.UI.Blazor", "src\UI\Verdure.UI.Blazor\Verdure.UI.Blazor.csproj", "{5DBE6BE7-2B5A-4E47-90E9-C328E05EF307}"
EndProject
Project("{2150E333-8FDC-42A3-9474-1A3956D46DE8}") = "Admin", "Admin", "{550DD216-6AF1-447A-AE9F-BEAF615DEFE0}"
EndProject
Project("{FAE04EC0-301F-11D3-BF4B-00C04F79EFBC}") = "Verdure.Admin.Api", "src\Services\Admin\Verdure.Admin.Api\Verdure.Admin.Api.csproj", "{55DD34D7-CB30-40E2-8883-DD9CC51CF372}"
EndProject
Project("{2150E333-8FDC-42A3-9474-1A3956D46DE8}") = "Reviews", "Reviews", "{A3CF5FC6-0E84-47CC-86D5-1DC70773A735}"
EndProject
Project("{FAE04EC0-301F-11D3-BF4B-00C04F79EFBC}") = "Verdure.Reviews.Api", "src\Services\Reviews\Verdure.Reviews.Api\Verdure.Reviews.Api.csproj", "{B93795DD-371C-462A-8571-E76CCCC9637D}"
EndProject
Global
	GlobalSection(SolutionConfigurationPlatforms) = preSolution
		Debug|Any CPU = Debug|Any CPU
		Release|Any CPU = Release|Any CPU
	EndGlobalSection
	GlobalSection(ProjectConfigurationPlatforms) = postSolution
		{940D008A-A1B6-48EE-90FD-C6D1DD01BEA3}.Debug|Any CPU.ActiveCfg = Debug|Any CPU
		{940D008A-A1B6-48EE-90FD-C6D1DD01BEA3}.Debug|Any CPU.Build.0 = Debug|Any CPU
		{940D008A-A1B6-48EE-90FD-C6D1DD01BEA3}.Release|Any CPU.ActiveCfg = Release|Any CPU
		{940D008A-A1B6-48EE-90FD-C6D1DD01BEA3}.Release|Any CPU.Build.0 = Release|Any CPU
		{BCDB087E-3008-400C-BDE8-DBF5FE7E5001}.Debug|Any CPU.ActiveCfg = Debug|Any CPU
		{BCDB087E-3008-400C-BDE8-DBF5FE7E5001}.Debug|Any CPU.Build.0 = Debug|Any CPU
		{BCDB087E-3008-400C-BDE8-DBF5FE7E5001}.Release|Any CPU.ActiveCfg = Release|Any CPU
		{BCDB087E-3008-400C-BDE8-DBF5FE7E5001}.Release|Any CPU.Build.0 = Release|Any CPU
		{4BF7F205-8B7F-4774-A0EC-F93004AA7606}.Debug|Any CPU.ActiveCfg = Debug|Any CPU
		{4BF7F205-8B7F-4774-A0EC-F93004AA7606}.Debug|Any CPU.Build.0 = Debug|Any CPU
		{4BF7F205-8B7F-4774-A0EC-F93004AA7606}.Release|Any CPU.ActiveCfg = Release|Any CPU
		{4BF7F205-8B7F-4774-A0EC-F93004AA7606}.Release|Any CPU.Build.0 = Release|Any CPU
		{20D05203-46D4-4579-A5A5-30E0507EA609}.Debug|Any CPU.ActiveCfg = Debug|Any CPU
		{20D05203-46D4-4579-A5A5-30E0507EA609}.Debug|Any CPU.Build.0 = Debug|Any CPU
		{20D05203-46D4-4579-A5A5-30E0507EA609}.Release|Any CPU.ActiveCfg = Release|Any CPU
		{20D05203-46D4-4579-A5A5-30E0507EA609}.Release|Any CPU.Build.0 = Release|Any CPU
		{8E558026-E91E-4A6F-9F06-3FC9A4DAF013}.Debug|Any CPU.ActiveCfg = Debug|Any CPU
		{8E558026-E91E-4A6F-9F06-3FC9A4DAF013}.Debug|Any CPU.Build.0 = Debug|Any CPU
		{8E558026-E91E-4A6F-9F06-3FC9A4DAF013}.Release|Any CPU.ActiveCfg = Release|Any CPU
		{8E558026-E91E-4A6F-9F06-3FC9A4DAF013}.Release|Any CPU.Build.0 = Release|Any CPU
		{5DBE6BE7-2B5A-4E47-90E9-C328E05EF307}.Debug|Any CPU.ActiveCfg = Debug|Any CPU
		{5DBE6BE7-2B5A-4E47-90E9-C328E05EF307}.Debug|Any CPU.Build.0 = Debug|Any CPU
		{5DBE6BE7-2B5A-4E47-90E9-C328E05EF307}.Release|Any CPU.ActiveCfg = Release|Any CPU
		{5DBE6BE7-2B5A-4E47-90E9-C328E05EF307}.Release|Any CPU.Build.0 = Release|Any CPU
		{55DD34D7-CB30-40E2-8883-DD9CC51CF372}.Debug|Any CPU.ActiveCfg = Debug|Any CPU
		{55DD34D7-CB30-40E2-8883-DD9CC51CF372}.Debug|Any CPU.Build.0 = Debug|Any CPU
		{55DD34D7-CB30-40E2-8883-DD9CC51CF372}.Release|Any CPU.ActiveCfg = Release|Any CPU
		{55DD34D7-CB30-40E2-8883-DD9CC51CF372}.Release|Any CPU.Build.0 = Release|Any CPU
		{B93795DD-371C-462A-8571-E76CCCC9637D}.Debug|Any CPU.ActiveCfg = Debug|Any CPU
		{B93795DD-371C-462A-8571-E76CCCC9637D}.Debug|Any CPU.Build.0 = Debug|Any CPU
		{B93795DD-371C-462A-8571-E76CCCC9637D}.Release|Any CPU.ActiveCfg = Release|Any CPU
		{B93795DD-371C-462A-8571-E76CCCC9637D}.Release|Any CPU.Build.0 = Release|Any CPU
	EndGlobalSection
	GlobalSection(SolutionProperties) = preSolution
		HideSolutionNode = FALSE
	EndGlobalSection
	GlobalSection(NestedProjects) = preSolution
		{C05AFB73-8369-490F-A8EF-9FC548A8787F} = {B845A154-5BAB-47B2-8EF5-9ED65780AB67}
		{A2F94820-9E89-4F03-B603-07C6A461C6E2} = {C05AFB73-8369-490F-A8EF-9FC548A8787F}
		{BCDB087E-3008-400C-BDE8-DBF5FE7E5001} = {A2F94820-9E89-4F03-B603-07C6A461C6E2}
		{4BF7F205-8B7F-4774-A0EC-F93004AA7606} = {A2F94820-9E89-4F03-B603-07C6A461C6E2}
		{20D05203-46D4-4579-A5A5-30E0507EA609} = {A2F94820-9E89-4F03-B603-07C6A461C6E2}
		{8E558026-E91E-4A6F-9F06-3FC9A4DAF013} = {A2F94820-9E89-4F03-B603-07C6A461C6E2}
		{88A883EF-2222-44CE-94E2-4FC12D15C406} = {B845A154-5BAB-47B2-8EF5-9ED65780AB67}
		{5DBE6BE7-2B5A-4E47-90E9-C328E05EF307} = {88A883EF-2222-44CE-94E2-4FC12D15C406}
		{550DD216-6AF1-447A-AE9F-BEAF615DEFE0} = {C05AFB73-8369-490F-A8EF-9FC548A8787F}
		{55DD34D7-CB30-40E2-8883-DD9CC51CF372} = {550DD216-6AF1-447A-AE9F-BEAF615DEFE0}
		{A3CF5FC6-0E84-47CC-86D5-1DC70773A735} = {C05AFB73-8369-490F-A8EF-9FC548A8787F}
		{B93795DD-371C-462A-8571-E76CCCC9637D} = {A3CF5FC6-0E84-47CC-86D5-1DC70773A735}
	EndGlobalSection
	GlobalSection(ExtensibilityGlobals) = postSolution
		SolutionGuid = {DFDD7718-859F-4893-B80B-7C56C66A4C37}
	EndGlobalSection
EndGlobal
