
Microsoft Visual Studio Solution File, Format Version 12.00
# Visual Studio Version 16
VisualStudioVersion = 16.0.29306.81
MinimumVisualStudioVersion = 10.0.40219.1
Project("{9A19103F-16F7-4668-BE54-9A1E7A4F7556}") = "GreenShade.Blog.DataAccess", "GreenShade.DataAccess\GreenShade.Blog.DataAccess.csproj", "{BFEF28FC-F509-4510-B471-43ABD93CF139}"
EndProject
Project("{9A19103F-16F7-4668-BE54-9A1E7A4F7556}") = "GreenShade.Blog.Domain", "GreenShade.Blog.Domain\GreenShade.Blog.Domain.csproj", "{C1ED46B2-88C1-4693-A85B-BE195FB1259A}"
EndProject
Project("{9A19103F-16F7-4668-BE54-9A1E7A4F7556}") = "GreenShade.Blog.Api", "GreenShade.Blog.Api\GreenShade.Blog.Api.csproj", "{45F598AD-560B-4A71-BEA8-09C41254434E}"
EndProject
Project("{9A19103F-16F7-4668-BE54-9A1E7A4F7556}") = "Verdure.Api", "Verdure.Api\Verdure.Api.csproj", "{610B76E0-8588-4B26-9BE1-22EA6BB02FFE}"
EndProject
Project("{FAE04EC0-301F-11D3-BF4B-00C04F79EFBC}") = "Verdure.ApplicationCore", "Verdure.ApplicationCore\Verdure.ApplicationCore.csproj", "{3841658A-BF5F-412C-90DD-2D43B9E1A2AD}"
EndProject
Project("{FAE04EC0-301F-11D3-BF4B-00C04F79EFBC}") = "Verdure.Infrastructure", "Verdure.Infrastructure\Verdure.Infrastructure.csproj", "{2A2DC7A9-7EF0-40BB-8C3D-C8C11F3ACF9B}"
EndProject
Global
	GlobalSection(SolutionConfigurationPlatforms) = preSolution
		Debug|Any CPU = Debug|Any CPU
		Release|Any CPU = Release|Any CPU
	EndGlobalSection
	GlobalSection(ProjectConfigurationPlatforms) = postSolution
		{BFEF28FC-F509-4510-B471-43ABD93CF139}.Debug|Any CPU.ActiveCfg = Debug|Any CPU
		{BFEF28FC-F509-4510-B471-43ABD93CF139}.Debug|Any CPU.Build.0 = Debug|Any CPU
		{BFEF28FC-F509-4510-B471-43ABD93CF139}.Release|Any CPU.ActiveCfg = Release|Any CPU
		{BFEF28FC-F509-4510-B471-43ABD93CF139}.Release|Any CPU.Build.0 = Release|Any CPU
		{C1ED46B2-88C1-4693-A85B-BE195FB1259A}.Debug|Any CPU.ActiveCfg = Debug|Any CPU
		{C1ED46B2-88C1-4693-A85B-BE195FB1259A}.Debug|Any CPU.Build.0 = Debug|Any CPU
		{C1ED46B2-88C1-4693-A85B-BE195FB1259A}.Release|Any CPU.ActiveCfg = Release|Any CPU
		{C1ED46B2-88C1-4693-A85B-BE195FB1259A}.Release|Any CPU.Build.0 = Release|Any CPU
		{45F598AD-560B-4A71-BEA8-09C41254434E}.Debug|Any CPU.ActiveCfg = Debug|Any CPU
		{45F598AD-560B-4A71-BEA8-09C41254434E}.Debug|Any CPU.Build.0 = Debug|Any CPU
		{45F598AD-560B-4A71-BEA8-09C41254434E}.Release|Any CPU.ActiveCfg = Release|Any CPU
		{45F598AD-560B-4A71-BEA8-09C41254434E}.Release|Any CPU.Build.0 = Release|Any CPU
		{610B76E0-8588-4B26-9BE1-22EA6BB02FFE}.Debug|Any CPU.ActiveCfg = Debug|Any CPU
		{610B76E0-8588-4B26-9BE1-22EA6BB02FFE}.Debug|Any CPU.Build.0 = Debug|Any CPU
		{610B76E0-8588-4B26-9BE1-22EA6BB02FFE}.Release|Any CPU.ActiveCfg = Release|Any CPU
		{610B76E0-8588-4B26-9BE1-22EA6BB02FFE}.Release|Any CPU.Build.0 = Release|Any CPU
		{3841658A-BF5F-412C-90DD-2D43B9E1A2AD}.Debug|Any CPU.ActiveCfg = Debug|Any CPU
		{3841658A-BF5F-412C-90DD-2D43B9E1A2AD}.Debug|Any CPU.Build.0 = Debug|Any CPU
		{3841658A-BF5F-412C-90DD-2D43B9E1A2AD}.Release|Any CPU.ActiveCfg = Release|Any CPU
		{3841658A-BF5F-412C-90DD-2D43B9E1A2AD}.Release|Any CPU.Build.0 = Release|Any CPU
		{2A2DC7A9-7EF0-40BB-8C3D-C8C11F3ACF9B}.Debug|Any CPU.ActiveCfg = Debug|Any CPU
		{2A2DC7A9-7EF0-40BB-8C3D-C8C11F3ACF9B}.Debug|Any CPU.Build.0 = Debug|Any CPU
		{2A2DC7A9-7EF0-40BB-8C3D-C8C11F3ACF9B}.Release|Any CPU.ActiveCfg = Release|Any CPU
		{2A2DC7A9-7EF0-40BB-8C3D-C8C11F3ACF9B}.Release|Any CPU.Build.0 = Release|Any CPU
	EndGlobalSection
	GlobalSection(SolutionProperties) = preSolution
		HideSolutionNode = FALSE
	EndGlobalSection
	GlobalSection(ExtensibilityGlobals) = postSolution
		SolutionGuid = {DFDD7718-859F-4893-B80B-7C56C66A4C37}
	EndGlobalSection
EndGlobal
