
Microsoft Visual Studio Solution File, Format Version 12.00
# Visual Studio Version 17
VisualStudioVersion = 17.0.31612.314
MinimumVisualStudioVersion = 10.0.40219.1
Project("{9A19103F-16F7-4668-BE54-9A1E7A4F7556}") = "Verdure.Core", "Verdure.Core\Verdure.Core.csproj", "{3841658A-BF5F-412C-90DD-2D43B9E1A2AD}"
EndProject
Project("{9A19103F-16F7-4668-BE54-9A1E7A4F7556}") = "Verdure.Infrastructure", "Verdure.Infrastructure\Verdure.Infrastructure.csproj", "{2A2DC7A9-7EF0-40BB-8C3D-C8C11F3ACF9B}"
EndProject
Project("{9A19103F-16F7-4668-BE54-9A1E7A4F7556}") = "Verdure.Data.Mongo", "Verdure.Data.Mongo\Verdure.Data.Mongo.csproj", "{8952C909-8469-4172-9F9D-E3D997443A41}"
EndProject
Project("{9A19103F-16F7-4668-BE54-9A1E7A4F7556}") = "Verdure.Api", "Verdure.Api\Verdure.Api.csproj", "{157DF7AD-AA44-4BB6-B4A4-6CFF5C407024}"
EndProject
Project("{E53339B2-1760-4266-BCC7-CA923CBCF16C}") = "docker-compose", "docker-compose.dcproj", "{940D008A-A1B6-48EE-90FD-C6D1DD01BEA3}"
EndProject
Project("{9A19103F-16F7-4668-BE54-9A1E7A4F7556}") = "Verdure.UI.Blazor", "Verdure.UI.Blazor\Verdure.UI.Blazor.csproj", "{CCC0B42F-ED66-4C98-89F0-BB2145A248EE}"
EndProject
Global
	GlobalSection(SolutionConfigurationPlatforms) = preSolution
		Debug|Any CPU = Debug|Any CPU
		Release|Any CPU = Release|Any CPU
	EndGlobalSection
	GlobalSection(ProjectConfigurationPlatforms) = postSolution
		{3841658A-BF5F-412C-90DD-2D43B9E1A2AD}.Debug|Any CPU.ActiveCfg = Debug|Any CPU
		{3841658A-BF5F-412C-90DD-2D43B9E1A2AD}.Debug|Any CPU.Build.0 = Debug|Any CPU
		{3841658A-BF5F-412C-90DD-2D43B9E1A2AD}.Release|Any CPU.ActiveCfg = Release|Any CPU
		{3841658A-BF5F-412C-90DD-2D43B9E1A2AD}.Release|Any CPU.Build.0 = Release|Any CPU
		{2A2DC7A9-7EF0-40BB-8C3D-C8C11F3ACF9B}.Debug|Any CPU.ActiveCfg = Debug|Any CPU
		{2A2DC7A9-7EF0-40BB-8C3D-C8C11F3ACF9B}.Debug|Any CPU.Build.0 = Debug|Any CPU
		{2A2DC7A9-7EF0-40BB-8C3D-C8C11F3ACF9B}.Release|Any CPU.ActiveCfg = Release|Any CPU
		{2A2DC7A9-7EF0-40BB-8C3D-C8C11F3ACF9B}.Release|Any CPU.Build.0 = Release|Any CPU
		{8952C909-8469-4172-9F9D-E3D997443A41}.Debug|Any CPU.ActiveCfg = Debug|Any CPU
		{8952C909-8469-4172-9F9D-E3D997443A41}.Debug|Any CPU.Build.0 = Debug|Any CPU
		{8952C909-8469-4172-9F9D-E3D997443A41}.Release|Any CPU.ActiveCfg = Release|Any CPU
		{8952C909-8469-4172-9F9D-E3D997443A41}.Release|Any CPU.Build.0 = Release|Any CPU
		{157DF7AD-AA44-4BB6-B4A4-6CFF5C407024}.Debug|Any CPU.ActiveCfg = Debug|Any CPU
		{157DF7AD-AA44-4BB6-B4A4-6CFF5C407024}.Debug|Any CPU.Build.0 = Debug|Any CPU
		{157DF7AD-AA44-4BB6-B4A4-6CFF5C407024}.Release|Any CPU.ActiveCfg = Release|Any CPU
		{157DF7AD-AA44-4BB6-B4A4-6CFF5C407024}.Release|Any CPU.Build.0 = Release|Any CPU
		{940D008A-A1B6-48EE-90FD-C6D1DD01BEA3}.Debug|Any CPU.ActiveCfg = Debug|Any CPU
		{940D008A-A1B6-48EE-90FD-C6D1DD01BEA3}.Debug|Any CPU.Build.0 = Debug|Any CPU
		{940D008A-A1B6-48EE-90FD-C6D1DD01BEA3}.Release|Any CPU.ActiveCfg = Release|Any CPU
		{940D008A-A1B6-48EE-90FD-C6D1DD01BEA3}.Release|Any CPU.Build.0 = Release|Any CPU
		{CCC0B42F-ED66-4C98-89F0-BB2145A248EE}.Debug|Any CPU.ActiveCfg = Debug|Any CPU
		{CCC0B42F-ED66-4C98-89F0-BB2145A248EE}.Debug|Any CPU.Build.0 = Debug|Any CPU
		{CCC0B42F-ED66-4C98-89F0-BB2145A248EE}.Release|Any CPU.ActiveCfg = Release|Any CPU
		{CCC0B42F-ED66-4C98-89F0-BB2145A248EE}.Release|Any CPU.Build.0 = Release|Any CPU
	EndGlobalSection
	GlobalSection(SolutionProperties) = preSolution
		HideSolutionNode = FALSE
	EndGlobalSection
	GlobalSection(ExtensibilityGlobals) = postSolution
		SolutionGuid = {DFDD7718-859F-4893-B80B-7C56C66A4C37}
	EndGlobalSection
EndGlobal
